
Microsoft Visual Studio Solution File, Format Version 12.00
# Visual Studio Version 17
VisualStudioVersion = 17.14.35806.103 d17.14
MinimumVisualStudioVersion = 10.0.40219.1
Project("{FAE04EC0-301F-11D3-BF4B-00C04F79EFBC}") = "PegsBase", "PegsBase\PegsBase.csproj", "{BE020588-0A28-48D5-A3F1-A7F101376E26}"
EndProject
Global
	GlobalSection(SolutionConfigurationPlatforms) = preSolution
		Debug|Any CPU = Debug|Any CPU
		Release|Any CPU = Release|Any CPU
	EndGlobalSection
	GlobalSection(ProjectConfigurationPlatforms) = postSolution
		{BE020588-0A28-48D5-A3F1-A7F101376E26}.Debug|Any CPU.ActiveCfg = Debug|Any CPU
		{BE020588-0A28-48D5-A3F1-A7F101376E26}.Debug|Any CPU.Build.0 = Debug|Any CPU
		{BE020588-0A28-48D5-A3F1-A7F101376E26}.Release|Any CPU.ActiveCfg = Release|Any CPU
		{BE020588-0A28-48D5-A3F1-A7F101376E26}.Release|Any CPU.Build.0 = Release|Any CPU
	EndGlobalSection
	GlobalSection(SolutionProperties) = preSolution
		HideSolutionNode = FALSE
	EndGlobalSection
	GlobalSection(ExtensibilityGlobals) = postSolution
		SolutionGuid = {18F53C26-0085-48A7-B80C-D06AD7DECF86}
	EndGlobalSection
EndGlobal
